%{
  "erlmemfs": {:hex, :erlmemfs, "0.1.0", "47190ba63e955bea934f18a9b801e54c1e5434abd5b2e977ea35ebb0aa04c46e", [:rebar3], [], "hexpm", "3952329afca17a4bf1fc02e161aec793fe603ef41026eedac4f2cdccf90bb035"},
  "glob_ex": {:hex, :glob_ex, "0.1.1", "dc652ac17aeab97392da3beb73ff24f4e4de061b717ca7e75818e869e5acd104", [:mix], [], "hexpm", "d27bc551f9fd92b96c7bad687aba1a7cd5eeaaec7170c55add227f395f89e3af"},
  "libgraph": {:hex, :libgraph, "0.16.0", "3936f3eca6ef826e08880230f806bfea13193e49bf153f93edcf0239d4fd1d07", [:mix], [], "hexpm", "41ca92240e8a4138c30a7e06466acc709b0cbb795c643e9e17174a178982d6bf"},
  "mneme": {:hex, :mneme, "0.2.5", "6c051fc0525cf4390c5ac315224049e94ce33634f12823c8cadfe0477d72def3", [:mix], [{:libgraph, "~> 0.16.0", [hex: :libgraph, repo: "hexpm", optional: false]}, {:nimble_options, "~> 1.0", [hex: :nimble_options, repo: "hexpm", optional: false]}, {:owl, "~> 0.6.0", [hex: :owl, repo: "hexpm", optional: false]}, {:rewrite, "~> 0.6.0", [hex: :rewrite, repo: "hexpm", optional: false]}, {:sourceror, "~> 0.12", [hex: :sourceror, repo: "hexpm", optional: false]}], "hexpm", "e1ce31f7e2deebabef4b7701efa2bf29a4ee26601e0629741ccb8d2d8fa5cb64"},
  "nimble_options": {:hex, :nimble_options, "1.0.1", "b448018287b22584e91b5fd9c6c0ad717cb4bcdaa457957c8d57770f56625c43", [:mix], [], "hexpm", "078b2927cd9f84555be6386d56e849b0c555025ecccf7afee00ab6a9e6f63837"},
  "owl": {:hex, :owl, "0.6.1", "ca23ea35b944889d876d22dd2c31a94d367ede7565c110fc2283521932a23507", [:mix], [], "hexpm", "2d07fca81c22e8ccbc84942cc69d7292b8c2bf5431ec7b6256e4af0722811b0d"},
  "rewrite": {:hex, :rewrite, "0.6.3", "d0066a47ee0dfd807f8ec9bfe2933a2e6ec06eb070af26ebb881e8bd1f75b4b3", [:mix], [{:glob_ex, "~> 0.1", [hex: :glob_ex, repo: "hexpm", optional: false]}, {:sourceror, "~> 0.12", [hex: :sourceror, repo: "hexpm", optional: false]}], "hexpm", "e0b0e3b6bbeddce9e16e04fb9b024fd82cd75369bd94bc27351458303e831bc2"},
  "sourceror": {:hex, :sourceror, "0.12.2", "2ae55efd149193572e0eb723df7c7a1bda9ab33c43373c82642931dbb2f4e428", [:mix], [], "hexpm", "7ad74ade6fb079c71f29fae10c34bcf2323542d8c51ee1bcd77a546cfa89d59c"},
  "test_iex": {:git, "https://github.com/mindreframer/test_iex.git", "cbd266373fca3709fe8a442e231b82298def7dd9", []},
  "typed_struct": {:hex, :typed_struct, "0.3.0", "939789e3c1dca39d7170c87f729127469d1315dcf99fee8e152bb774b17e7ff7", [:mix], [], "hexpm", "c50bd5c3a61fe4e198a8504f939be3d3c85903b382bde4865579bc23111d1b6d"},
}
